
Microsoft Visual Studio Solution File, Format Version 12.00
# Visual Studio 15
VisualStudioVersion = 15.0.26730.15
MinimumVisualStudioVersion = 10.0.40219.1
Project("{FAE04EC0-301F-11D3-BF4B-00C04F79EFBC}") = "Banking_Assignment", "Banking_Assignment\Banking_Assignment.csproj", "{1D11D941-6537-497E-87E6-19D60357232D}"
EndProject
Project("{FAE04EC0-301F-11D3-BF4B-00C04F79EFBC}") = "DatabaseReference", "..\DatabaseReference\DatabaseReference\DatabaseReference.csproj", "{0B8F5DB7-4882-4F2C-9F9A-8A662408FD06}"
EndProject
Global
	GlobalSection(SolutionConfigurationPlatforms) = preSolution
		Debug|Any CPU = Debug|Any CPU
		Release|Any CPU = Release|Any CPU
	EndGlobalSection
	GlobalSection(ProjectConfigurationPlatforms) = postSolution
		{1D11D941-6537-497E-87E6-19D60357232D}.Debug|Any CPU.ActiveCfg = Debug|Any CPU
		{1D11D941-6537-497E-87E6-19D60357232D}.Debug|Any CPU.Build.0 = Debug|Any CPU
		{1D11D941-6537-497E-87E6-19D60357232D}.Release|Any CPU.ActiveCfg = Release|Any CPU
		{1D11D941-6537-497E-87E6-19D60357232D}.Release|Any CPU.Build.0 = Release|Any CPU
		{0B8F5DB7-4882-4F2C-9F9A-8A662408FD06}.Debug|Any CPU.ActiveCfg = Debug|Any CPU
		{0B8F5DB7-4882-4F2C-9F9A-8A662408FD06}.Debug|Any CPU.Build.0 = Debug|Any CPU
		{0B8F5DB7-4882-4F2C-9F9A-8A662408FD06}.Release|Any CPU.ActiveCfg = Release|Any CPU
		{0B8F5DB7-4882-4F2C-9F9A-8A662408FD06}.Release|Any CPU.Build.0 = Release|Any CPU
	EndGlobalSection
	GlobalSection(SolutionProperties) = preSolution
		HideSolutionNode = FALSE
	EndGlobalSection
	GlobalSection(ExtensibilityGlobals) = postSolution
		SolutionGuid = {5A2B0B6E-360D-4A41-8825-58E85A12E058}
	EndGlobalSection
EndGlobal
